<?xml version="1.0" encoding="UTF-8" standalone="yes" ?>
<CodeBlocks_project_file>
	<FileVersion major="1" minor="6" />
	<Project>
		<Option title="getmyad" />
		<Option pch_mode="2" />
		<Option compiler="gcc" />
		<Build>
			<Target title="Debug">
				<Option output="bin/Debug/getmyad" prefix_auto="1" extension_auto="1" />
				<Option object_output="obj/Debug/" />
				<Option type="1" />
				<Option compiler="gcc" />
				<Option use_console_runner="0" />
				<Option parameters="-c /home/alex/Projects/worker/config.xml" />
				<Compiler>
					<Add option="-g" />
					<Add option="-DDEBUG" />
					<Add directory="include" />
					<Add directory="../libredis/" />
				</Compiler>
				<Linker>
					<Add library="../libredis/lib/libredis.a" />
					<Add library="rt" />
				</Linker>
			</Target>
			<Target title="Release">
				<Option output="bin/Release/getmyad" prefix_auto="1" extension_auto="1" />
				<Option object_output="obj/Release/" />
				<Option type="1" />
				<Option compiler="gcc" />
				<Option use_console_runner="0" />
				<Option parameters="-c /home/alex/Projects/worker/config.xml -s /tmp/dcg,sock" />
				<Compiler>
					<Add option="-O2" />
					<Add directory="include" />
					<Add directory="../libredis" />
				</Compiler>
				<Linker>
					<Add option="-s" />
					<Add library="../libredis/lib/libredis.a" />
					<Add library="rt" />
				</Linker>
			</Target>
		</Build>
		<Compiler>
			<Add option="-std=c++0x" />
			<Add option="-Wall" />
			<Add option="-fexceptions" />
			<Add directory="include" />
			<Add directory="." />
		</Compiler>
		<Linker>
			<Add option="/usr/lib/libamqpcpp.a" />
			<Add library="mongoclient" />
			<Add library="fcgi" />
			<Add library="sphinxclient" />
			<Add library="GeoIP" />
			<Add library="rabbitmq" />
			<Add library="boost_date_time" />
			<Add library="boost_regex" />
			<Add library="boost_filesystem" />
			<Add library="boost_thread" />
			<Add library="boost_system" />
			<Add library="icui18n" />
			<Add library="icuuc" />
			<Add library="icudata" />
			<Add library="tinyxml" />
			<Add library="sqlite3" />
			<Add library="pthread" />
		</Linker>
		<Unit filename="BaseCore.cpp" />
		<Unit filename="BaseCore.h" />
		<Unit filename="Campaign.cpp" />
		<Unit filename="Campaign.h" />
		<Unit filename="CgiService.cpp" />
		<Unit filename="CgiService.h" />
		<Unit filename="Config.cpp" />
		<Unit filename="Config.h" />
		<Unit filename="Core.cpp" />
		<Unit filename="Core.h" />
		<Unit filename="DB.cpp" />
		<Unit filename="DB.h" />
		<Unit filename="DataBase.cpp" />
		<Unit filename="DataBase.h" />
		<Unit filename="HistoryManager.cpp" />
		<Unit filename="HistoryManager.h" />
		<Unit filename="Informer.cpp" />
		<Unit filename="Informer.h" />
		<Unit filename="InformerTemplate.cpp" />
		<Unit filename="InformerTemplate.h" />
		<Unit filename="KompexSQLiteDatabase.cpp" />
		<Unit filename="KompexSQLiteDatabase.h" />
		<Unit filename="KompexSQLiteException.h" />
		<Unit filename="KompexSQLitePrerequisites.h" />
		<Unit filename="KompexSQLiteStatement.cpp" />
		<Unit filename="KompexSQLiteStatement.h" />
		<Unit filename="Log.cpp" />
		<Unit filename="Log.h" />
		<Unit filename="Offer.cpp" />
		<Unit filename="Offer.h" />
		<Unit filename="Params.cpp" />
		<Unit filename="Params.h" />
		<Unit filename="config.xml" />
		<Unit filename="db_dump/post/01.sql" />
		<Unit filename="db_dump/region.csv" />
		<Unit filename="db_dump/requests/01.sql" />
		<Unit filename="db_dump/requests/02.sql" />
		<Unit filename="db_dump/requests/03.sql" />
		<Unit filename="db_dump/requests/04.sql" />
		<Unit filename="db_dump/schema/wokers.mwb" />
		<Unit filename="db_dump/schema/wokers.mwb.bak" />
		<Unit filename="db_dump/tables/00_Campaign.sql" />
		<Unit filename="db_dump/tables/02_Offer.sql" />
		<Unit filename="db_dump/tables/03_Categories.sql" />
		<Unit filename="db_dump/tables/04_Categories2Domain.sql" />
		<Unit filename="db_dump/tables/05_Campaign2Informer.sql" />
		<Unit filename="db_dump/tables/06_Accounts.sql" />
		<Unit filename="db_dump/tables/07_Campaign2Accounts.sql" />
		<Unit filename="db_dump/tables/08_Domains.sql" />
		<Unit filename="db_dump/tables/09_Campaign2Domains.sql" />
		<Unit filename="db_dump/tables/10_CronCampaign.sql" />
		<Unit filename="db_dump/tables/11_GeoCountries.sql" />
		<Unit filename="db_dump/tables/12_GeoRerions.sql" />
		<Unit filename="db_dump/tables/13_geoTargeting.sql" />
		<Unit filename="db_dump/tables/14_regionTargeting.sql" />
		<Unit filename="db_dump/tables/15_CampaignNow.sql" />
		<Unit filename="db_dump/tables/16_Informer.sql" />
		<Unit filename="db_dump/tables/17_Retargeting.sql" />
		<Unit filename="db_dump/tables/18_Informer2OfferRating.sql" />
		<Unit filename="db_dump/tables/19_Campaign2Categories.sql" />
		<Unit filename="db_dump/tables/20_GeoLiteCity.sql" />
		<Unit filename="db_dump/view/00_Campaign2GeoRerions.sql" />
		<Unit filename="db_dump/view/02_Campaign2Doms.sql" />
		<Unit filename="db_dump/view/03_Campaign2Acnts.sql" />
		<Unit filename="db_dump/view/04_Campaign2Infs.sql" />
		<Unit filename="include/EBranch.h" />
		<Unit filename="include/GeoRerions.h" />
		<Unit filename="include/ParamParse.h" />
		<Unit filename="include/ParentDB.h" />
		<Unit filename="include/RedisClient.h" />
		<Unit filename="include/Server.h" />
		<Unit filename="include/XXXSearcher.h" />
		<Unit filename="include/json.h" />
		<Unit filename="include/sphinxRequests.h" />
		<Unit filename="main.cpp" />
		<Unit filename="pch.h" />
		<Unit filename="src/EBranch.cpp" />
		<Unit filename="src/GeoRerions.cpp" />
		<Unit filename="src/HistoryManagerLongTerm.cpp" />
		<Unit filename="src/HistoryManagerOffer.cpp" />
		<Unit filename="src/HistoryManagerRetargeting.cpp" />
		<Unit filename="src/HistoryManagerShortTerm.cpp" />
		<Unit filename="src/ParamParse.cpp" />
		<Unit filename="src/ParentDB.cpp" />
		<Unit filename="src/RedisClient.cpp" />
		<Unit filename="src/Server.cpp" />
		<Unit filename="src/XXXSearcher.cpp" />
		<Unit filename="src/json.cpp" />
		<Unit filename="src/sphinxRequests.cpp" />
		<Unit filename="template/banner.html" />
		<Unit filename="template/swfobject.js" />
		<Unit filename="template/teaser.html" />
		<Unit filename="utils/Comparators.h" />
		<Unit filename="utils/Cookie.cpp" />
		<Unit filename="utils/Cookie.h" />
		<Unit filename="utils/GeoIPTools.cpp" />
		<Unit filename="utils/GeoIPTools.h" />
		<Unit filename="utils/SearchEngines.cpp" />
		<Unit filename="utils/SearchEngines.h" />
		<Unit filename="utils/UrlParser.cpp" />
		<Unit filename="utils/UrlParser.h" />
		<Unit filename="utils/base64.cpp" />
		<Unit filename="utils/base64.h" />
		<Unit filename="utils/benchmark.h" />
		<Extensions>
			<DoxyBlocks>
				<comment_style block="0" line="0" />
				<doxyfile_project />
				<doxyfile_build />
				<doxyfile_warnings />
				<doxyfile_output />
				<doxyfile_dot />
				<general />
			</DoxyBlocks>
			<code_completion />
			<envvars set="default" />
			<debugger />
			<lib_finder disable_auto="1" />
		</Extensions>
	</Project>
</CodeBlocks_project_file>
